// !$*UTF8*$!
{
	archiveVersion = 1;
	classes = {
	};
	objectVersion = 50;
	objects = {

/* Begin PBXBuildFile section */
		CD3E70F626EF1C7B002F79B4 /* addNew.swift in Sources */ = {isa = PBXBuildFile; fileRef = CD3E70F526EF1C7B002F79B4 /* addNew.swift */; };
		CD3E70FC26EF2345002F79B4 /* Person+CoreDataClass.swift in Sources */ = {isa = PBXBuildFile; fileRef = CD3E70FA26EF2345002F79B4 /* Person+CoreDataClass.swift */; };
		CD3E70FD26EF2345002F79B4 /* Person+CoreDataProperties.swift in Sources */ = {isa = PBXBuildFile; fileRef = CD3E70FB26EF2345002F79B4 /* Person+CoreDataProperties.swift */; };
		CD6126EF26EFD47B0007865D /* FriendHost.swift in Sources */ = {isa = PBXBuildFile; fileRef = CD6126EE26EFD47B0007865D /* FriendHost.swift */; };
		CD65406026F1D1FC00EA1CC4 /* Notice.swift in Sources */ = {isa = PBXBuildFile; fileRef = CD65405F26F1D1FC00EA1CC4 /* Notice.swift */; };
		CD7485B826EF532200BE7B84 /* PersonRowView.swift in Sources */ = {isa = PBXBuildFile; fileRef = CD7485B726EF532200BE7B84 /* PersonRowView.swift */; };
		CD7485BB26EF578700BE7B84 /* PersonDetail.swift in Sources */ = {isa = PBXBuildFile; fileRef = CD7485BA26EF578700BE7B84 /* PersonDetail.swift */; };
		CD7485C126EF64F700BE7B84 /* FriendSummary.swift in Sources */ = {isa = PBXBuildFile; fileRef = CD7485C026EF64F700BE7B84 /* FriendSummary.swift */; };
		CD8A710726F880E80082B080 /* NotificationManager.swift in Sources */ = {isa = PBXBuildFile; fileRef = CD8A710626F880E80082B080 /* NotificationManager.swift */; };
		CD8A710A26F88CF00082B080 /* InfoOverlayView.swift in Sources */ = {isa = PBXBuildFile; fileRef = CD8A710926F88CF00082B080 /* InfoOverlayView.swift */; };
		CDC5010226EEF69500B0D94E /* ReminderApp.swift in Sources */ = {isa = PBXBuildFile; fileRef = CDC5010126EEF69500B0D94E /* ReminderApp.swift */; };
		CDC5010426EEF69500B0D94E /* ContentView.swift in Sources */ = {isa = PBXBuildFile; fileRef = CDC5010326EEF69500B0D94E /* ContentView.swift */; };
		CDC5010626EEF69800B0D94E /* Assets.xcassets in Resources */ = {isa = PBXBuildFile; fileRef = CDC5010526EEF69800B0D94E /* Assets.xcassets */; };
		CDC5010926EEF69800B0D94E /* Preview Assets.xcassets in Resources */ = {isa = PBXBuildFile; fileRef = CDC5010826EEF69800B0D94E /* Preview Assets.xcassets */; };
		CDC5010B26EEF69800B0D94E /* Persistence.swift in Sources */ = {isa = PBXBuildFile; fileRef = CDC5010A26EEF69800B0D94E /* Persistence.swift */; };
		CDC5010E26EEF69800B0D94E /* Reminder.xcdatamodeld in Sources */ = {isa = PBXBuildFile; fileRef = CDC5010C26EEF69800B0D94E /* Reminder.xcdatamodeld */; };
		CDC5011826EEFB8600B0D94E /* friendList.swift in Sources */ = {isa = PBXBuildFile; fileRef = CDC5011726EEFB8600B0D94E /* friendList.swift */; };
/* End PBXBuildFile section */

/* Begin PBXFileReference section */
		CD3E70F526EF1C7B002F79B4 /* addNew.swift */ = {isa = PBXFileReference; lastKnownFileType = sourcecode.swift; path = addNew.swift; sourceTree = "<group>"; };
		CD3E70FA26EF2345002F79B4 /* Person+CoreDataClass.swift */ = {isa = PBXFileReference; lastKnownFileType = sourcecode.swift; path = "Person+CoreDataClass.swift"; sourceTree = "<group>"; };
		CD3E70FB26EF2345002F79B4 /* Person+CoreDataProperties.swift */ = {isa = PBXFileReference; lastKnownFileType = sourcecode.swift; path = "Person+CoreDataProperties.swift"; sourceTree = "<group>"; };
		CD6126EE26EFD47B0007865D /* FriendHost.swift */ = {isa = PBXFileReference; lastKnownFileType = sourcecode.swift; path = FriendHost.swift; sourceTree = "<group>"; };
		CD65405F26F1D1FC00EA1CC4 /* Notice.swift */ = {isa = PBXFileReference; lastKnownFileType = sourcecode.swift; path = Notice.swift; sourceTree = "<group>"; };
		CD7485B726EF532200BE7B84 /* PersonRowView.swift */ = {isa = PBXFileReference; lastKnownFileType = sourcecode.swift; path = PersonRowView.swift; sourceTree = "<group>"; };
		CD7485BA26EF578700BE7B84 /* PersonDetail.swift */ = {isa = PBXFileReference; lastKnownFileType = sourcecode.swift; path = PersonDetail.swift; sourceTree = "<group>"; };
		CD7485C026EF64F700BE7B84 /* FriendSummary.swift */ = {isa = PBXFileReference; lastKnownFileType = sourcecode.swift; path = FriendSummary.swift; sourceTree = "<group>"; };
		CD8A710626F880E80082B080 /* NotificationManager.swift */ = {isa = PBXFileReference; lastKnownFileType = sourcecode.swift; path = NotificationManager.swift; sourceTree = "<group>"; };
		CD8A710926F88CF00082B080 /* InfoOverlayView.swift */ = {isa = PBXFileReference; lastKnownFileType = sourcecode.swift; path = InfoOverlayView.swift; sourceTree = "<group>"; };
		CDC500FE26EEF69500B0D94E /* Reminder.app */ = {isa = PBXFileReference; explicitFileType = wrapper.application; includeInIndex = 0; path = Reminder.app; sourceTree = BUILT_PRODUCTS_DIR; };
		CDC5010126EEF69500B0D94E /* ReminderApp.swift */ = {isa = PBXFileReference; lastKnownFileType = sourcecode.swift; path = ReminderApp.swift; sourceTree = "<group>"; };
		CDC5010326EEF69500B0D94E /* ContentView.swift */ = {isa = PBXFileReference; lastKnownFileType = sourcecode.swift; path = ContentView.swift; sourceTree = "<group>"; };
		CDC5010526EEF69800B0D94E /* Assets.xcassets */ = {isa = PBXFileReference; lastKnownFileType = folder.assetcatalog; path = Assets.xcassets; sourceTree = "<group>"; };
		CDC5010826EEF69800B0D94E /* Preview Assets.xcassets */ = {isa = PBXFileReference; lastKnownFileType = folder.assetcatalog; path = "Preview Assets.xcassets"; sourceTree = "<group>"; };
		CDC5010A26EEF69800B0D94E /* Persistence.swift */ = {isa = PBXFileReference; lastKnownFileType = sourcecode.swift; path = Persistence.swift; sourceTree = "<group>"; };
		CDC5010D26EEF69800B0D94E /* Reminder.xcdatamodel */ = {isa = PBXFileReference; lastKnownFileType = wrapper.xcdatamodel; path = Reminder.xcdatamodel; sourceTree = "<group>"; };
		CDC5010F26EEF69800B0D94E /* Info.plist */ = {isa = PBXFileReference; lastKnownFileType = text.plist.xml; path = Info.plist; sourceTree = "<group>"; };
		CDC5011726EEFB8600B0D94E /* friendList.swift */ = {isa = PBXFileReference; lastKnownFileType = sourcecode.swift; path = friendList.swift; sourceTree = "<group>"; };
/* End PBXFileReference section */

/* Begin PBXFrameworksBuildPhase section */
		CDC500FB26EEF69500B0D94E /* Frameworks */ = {
			isa = PBXFrameworksBuildPhase;
			buildActionMask = 2147483647;
			files = (
			);
			runOnlyForDeploymentPostprocessing = 0;
		};
/* End PBXFrameworksBuildPhase section */

/* Begin PBXGroup section */
		CD3E70FF26EF2360002F79B4 /* Model */ = {
			isa = PBXGroup;
			children = (
				CD3E70FA26EF2345002F79B4 /* Person+CoreDataClass.swift */,
				CD3E70FB26EF2345002F79B4 /* Person+CoreDataProperties.swift */,
				CD8A710626F880E80082B080 /* NotificationManager.swift */,
			);
			path = Model;
			sourceTree = "<group>";
		};
		CD6126ED26EFD4530007865D /* List */ = {
			isa = PBXGroup;
			children = (
				CDC5011726EEFB8600B0D94E /* friendList.swift */,
				CD7485B726EF532200BE7B84 /* PersonRowView.swift */,
			);
			path = List;
			sourceTree = "<group>";
		};
		CD65405E26F1D1D500EA1CC4 /* Notification */ = {
			isa = PBXGroup;
			children = (
				CD65405F26F1D1FC00EA1CC4 /* Notice.swift */,
			);
			path = Notification;
			sourceTree = "<group>";
		};
		CD7485BD26EF579100BE7B84 /* Friend */ = {
			isa = PBXGroup;
			children = (
				CD6126EE26EFD47B0007865D /* FriendHost.swift */,
				CD7485C026EF64F700BE7B84 /* FriendSummary.swift */,
				CD7485BA26EF578700BE7B84 /* PersonDetail.swift */,
			);
			path = Friend;
			sourceTree = "<group>";
		};
		CDC500F526EEF69500B0D94E = {
			isa = PBXGroup;
			children = (
				CDC5010026EEF69500B0D94E /* Reminder */,
				CDC500FF26EEF69500B0D94E /* Products */,
			);
			sourceTree = "<group>";
		};
		CDC500FF26EEF69500B0D94E /* Products */ = {
			isa = PBXGroup;
			children = (
				CDC500FE26EEF69500B0D94E /* Reminder.app */,
			);
			name = Products;
			sourceTree = "<group>";
		};
		CDC5010026EEF69500B0D94E /* Reminder */ = {
			isa = PBXGroup;
			children = (
				CD65405E26F1D1D500EA1CC4 /* Notification */,
				CD3E70FF26EF2360002F79B4 /* Model */,
				CDC5011626EEFB4800B0D94E /* View */,
				CDC5010126EEF69500B0D94E /* ReminderApp.swift */,
				CDC5010526EEF69800B0D94E /* Assets.xcassets */,
				CDC5010A26EEF69800B0D94E /* Persistence.swift */,
				CDC5010F26EEF69800B0D94E /* Info.plist */,
				CDC5010C26EEF69800B0D94E /* Reminder.xcdatamodeld */,
				CDC5010726EEF69800B0D94E /* Preview Content */,
			);
			path = Reminder;
			sourceTree = "<group>";
		};
		CDC5010726EEF69800B0D94E /* Preview Content */ = {
			isa = PBXGroup;
			children = (
				CDC5010826EEF69800B0D94E /* Preview Assets.xcassets */,
			);
			path = "Preview Content";
			sourceTree = "<group>";
		};
		CDC5011626EEFB4800B0D94E /* View */ = {
			isa = PBXGroup;
			children = (
				CDC5010326EEF69500B0D94E /* ContentView.swift */,
				CD6126ED26EFD4530007865D /* List */,
				CD7485BD26EF579100BE7B84 /* Friend */,
				CD3E70F526EF1C7B002F79B4 /* addNew.swift */,
				CD8A710926F88CF00082B080 /* InfoOverlayView.swift */,
			);
			path = View;
			sourceTree = "<group>";
		};
/* End PBXGroup section */

/* Begin PBXNativeTarget section */
		CDC500FD26EEF69500B0D94E /* Reminder */ = {
			isa = PBXNativeTarget;
			buildConfigurationList = CDC5011226EEF69800B0D94E /* Build configuration list for PBXNativeTarget "Reminder" */;
			buildPhases = (
				CDC500FA26EEF69500B0D94E /* Sources */,
				CDC500FB26EEF69500B0D94E /* Frameworks */,
				CDC500FC26EEF69500B0D94E /* Resources */,
			);
			buildRules = (
			);
			dependencies = (
			);
			name = Reminder;
			productName = Reminder;
			productReference = CDC500FE26EEF69500B0D94E /* Reminder.app */;
			productType = "com.apple.product-type.application";
		};
/* End PBXNativeTarget section */

/* Begin PBXProject section */
		CDC500F626EEF69500B0D94E /* Project object */ = {
			isa = PBXProject;
			attributes = {
				LastSwiftUpdateCheck = 1230;
				LastUpgradeCheck = 1230;
				TargetAttributes = {
					CDC500FD26EEF69500B0D94E = {
						CreatedOnToolsVersion = 12.3;
					};
				};
			};
			buildConfigurationList = CDC500F926EEF69500B0D94E /* Build configuration list for PBXProject "Reminder" */;
			compatibilityVersion = "Xcode 9.3";
			developmentRegion = en;
			hasScannedForEncodings = 0;
			knownRegions = (
				en,
				Base,
			);
			mainGroup = CDC500F526EEF69500B0D94E;
			productRefGroup = CDC500FF26EEF69500B0D94E /* Products */;
			projectDirPath = "";
			projectRoot = "";
			targets = (
				CDC500FD26EEF69500B0D94E /* Reminder */,
			);
		};
/* End PBXProject section */

/* Begin PBXResourcesBuildPhase section */
		CDC500FC26EEF69500B0D94E /* Resources */ = {
			isa = PBXResourcesBuildPhase;
			buildActionMask = 2147483647;
			files = (
				CDC5010926EEF69800B0D94E /* Preview Assets.xcassets in Resources */,
				CDC5010626EEF69800B0D94E /* Assets.xcassets in Resources */,
			);
			runOnlyForDeploymentPostprocessing = 0;
		};
/* End PBXResourcesBuildPhase section */

/* Begin PBXSourcesBuildPhase section */
		CDC500FA26EEF69500B0D94E /* Sources */ = {
			isa = PBXSourcesBuildPhase;
			buildActionMask = 2147483647;
			files = (
				CDC5010B26EEF69800B0D94E /* Persistence.swift in Sources */,
				CD3E70FC26EF2345002F79B4 /* Person+CoreDataClass.swift in Sources */,
				CD65406026F1D1FC00EA1CC4 /* Notice.swift in Sources */,
				CD7485B826EF532200BE7B84 /* PersonRowView.swift in Sources */,
				CD8A710726F880E80082B080 /* NotificationManager.swift in Sources */,
				CDC5011826EEFB8600B0D94E /* friendList.swift in Sources */,
				CDC5010426EEF69500B0D94E /* ContentView.swift in Sources */,
				CD6126EF26EFD47B0007865D /* FriendHost.swift in Sources */,
				CD7485BB26EF578700BE7B84 /* PersonDetail.swift in Sources */,
				CD7485C126EF64F700BE7B84 /* FriendSummary.swift in Sources */,
				CD3E70FD26EF2345002F79B4 /* Person+CoreDataProperties.swift in Sources */,
				CD8A710A26F88CF00082B080 /* InfoOverlayView.swift in Sources */,
				CDC5010226EEF69500B0D94E /* ReminderApp.swift in Sources */,
				CD3E70F626EF1C7B002F79B4 /* addNew.swift in Sources */,
				CDC5010E26EEF69800B0D94E /* Reminder.xcdatamodeld in Sources */,
			);
			runOnlyForDeploymentPostprocessing = 0;
		};
/* End PBXSourcesBuildPhase section */

/* Begin XCBuildConfiguration section */
		CDC5011026EEF69800B0D94E /* Debug */ = {
			isa = XCBuildConfiguration;
			buildSettings = {
				ALWAYS_SEARCH_USER_PATHS = NO;
				CLANG_ANALYZER_NONNULL = YES;
				CLANG_ANALYZER_NUMBER_OBJECT_CONVERSION = YES_AGGRESSIVE;
				CLANG_CXX_LANGUAGE_STANDARD = "gnu++14";
				CLANG_CXX_LIBRARY = "libc++";
				CLANG_ENABLE_MODULES = YES;
				CLANG_ENABLE_OBJC_ARC = YES;
				CLANG_ENABLE_OBJC_WEAK = YES;
				CLANG_WARN_BLOCK_CAPTURE_AUTORELEASING = YES;
				CLANG_WARN_BOOL_CONVERSION = YES;
				CLANG_WARN_COMMA = YES;
				CLANG_WARN_CONSTANT_CONVERSION = YES;
				CLANG_WARN_DEPRECATED_OBJC_IMPLEMENTATIONS = YES;
				CLANG_WARN_DIRECT_OBJC_ISA_USAGE = YES_ERROR;
				CLANG_WARN_DOCUMENTATION_COMMENTS = YES;
				CLANG_WARN_EMPTY_BODY = YES;
				CLANG_WARN_ENUM_CONVERSION = YES;
				CLANG_WARN_INFINITE_RECURSION = YES;
				CLANG_WARN_INT_CONVERSION = YES;
				CLANG_WARN_NON_LITERAL_NULL_CONVERSION = YES;
				CLANG_WARN_OBJC_IMPLICIT_RETAIN_SELF = YES;
				CLANG_WARN_OBJC_LITERAL_CONVERSION = YES;
				CLANG_WARN_OBJC_ROOT_CLASS = YES_ERROR;
				CLANG_WARN_QUOTED_INCLUDE_IN_FRAMEWORK_HEADER = YES;
				CLANG_WARN_RANGE_LOOP_ANALYSIS = YES;
				CLANG_WARN_STRICT_PROTOTYPES = YES;
				CLANG_WARN_SUSPICIOUS_MOVE = YES;
				CLANG_WARN_UNGUARDED_AVAILABILITY = YES_AGGRESSIVE;
				CLANG_WARN_UNREACHABLE_CODE = YES;
				CLANG_WARN__DUPLICATE_METHOD_MATCH = YES;
				COPY_PHASE_STRIP = NO;
				DEBUG_INFORMATION_FORMAT = dwarf;
				ENABLE_STRICT_OBJC_MSGSEND = YES;
				ENABLE_TESTABILITY = YES;
				GCC_C_LANGUAGE_STANDARD = gnu11;
				GCC_DYNAMIC_NO_PIC = NO;
				GCC_NO_COMMON_BLOCKS = YES;
				GCC_OPTIMIZATION_LEVEL = 0;
				GCC_PREPROCESSOR_DEFINITIONS = (
					"DEBUG=1",
					"$(inherited)",
				);
				GCC_WARN_64_TO_32_BIT_CONVERSION = YES;
				GCC_WARN_ABOUT_RETURN_TYPE = YES_ERROR;
				GCC_WARN_UNDECLARED_SELECTOR = YES;
				GCC_WARN_UNINITIALIZED_AUTOS = YES_AGGRESSIVE;
				GCC_WARN_UNUSED_FUNCTION = YES;
				GCC_WARN_UNUSED_VARIABLE = YES;
				IPHONEOS_DEPLOYMENT_TARGET = 14.3;
				MTL_ENABLE_DEBUG_INFO = INCLUDE_SOURCE;
				MTL_FAST_MATH = YES;
				ONLY_ACTIVE_ARCH = YES;
				SDKROOT = iphoneos;
				SWIFT_ACTIVE_COMPILATION_CONDITIONS = DEBUG;
				SWIFT_OPTIMIZATION_LEVEL = "-Onone";
			};
			name = Debug;
		};
		CDC5011126EEF69800B0D94E /* Release */ = {
			isa = XCBuildConfiguration;
			buildSettings = {
				ALWAYS_SEARCH_USER_PATHS = NO;
				CLANG_ANALYZER_NONNULL = YES;
				CLANG_ANALYZER_NUMBER_OBJECT_CONVERSION = YES_AGGRESSIVE;
				CLANG_CXX_LANGUAGE_STANDARD = "gnu++14";
				CLANG_CXX_LIBRARY = "libc++";
				CLANG_ENABLE_MODULES = YES;
				CLANG_ENABLE_OBJC_ARC = YES;
				CLANG_ENABLE_OBJC_WEAK = YES;
				CLANG_WARN_BLOCK_CAPTURE_AUTORELEASING = YES;
				CLANG_WARN_BOOL_CONVERSION = YES;
				CLANG_WARN_COMMA = YES;
				CLANG_WARN_CONSTANT_CONVERSION = YES;
				CLANG_WARN_DEPRECATED_OBJC_IMPLEMENTATIONS = YES;
				CLANG_WARN_DIRECT_OBJC_ISA_USAGE = YES_ERROR;
				CLANG_WARN_DOCUMENTATION_COMMENTS = YES;
				CLANG_WARN_EMPTY_BODY = YES;
				CLANG_WARN_ENUM_CONVERSION = YES;
				CLANG_WARN_INFINITE_RECURSION = YES;
				CLANG_WARN_INT_CONVERSION = YES;
				CLANG_WARN_NON_LITERAL_NULL_CONVERSION = YES;
				CLANG_WARN_OBJC_IMPLICIT_RETAIN_SELF = YES;
				CLANG_WARN_OBJC_LITERAL_CONVERSION = YES;
				CLANG_WARN_OBJC_ROOT_CLASS = YES_ERROR;
				CLANG_WARN_QUOTED_INCLUDE_IN_FRAMEWORK_HEADER = YES;
				CLANG_WARN_RANGE_LOOP_ANALYSIS = YES;
				CLANG_WARN_STRICT_PROTOTYPES = YES;
				CLANG_WARN_SUSPICIOUS_MOVE = YES;
				CLANG_WARN_UNGUARDED_AVAILABILITY = YES_AGGRESSIVE;
				CLANG_WARN_UNREACHABLE_CODE = YES;
				CLANG_WARN__DUPLICATE_METHOD_MATCH = YES;
				COPY_PHASE_STRIP = NO;
				DEBUG_INFORMATION_FORMAT = "dwarf-with-dsym";
				ENABLE_NS_ASSERTIONS = NO;
				ENABLE_STRICT_OBJC_MSGSEND = YES;
				GCC_C_LANGUAGE_STANDARD = gnu11;
				GCC_NO_COMMON_BLOCKS = YES;
				GCC_WARN_64_TO_32_BIT_CONVERSION = YES;
				GCC_WARN_ABOUT_RETURN_TYPE = YES_ERROR;
				GCC_WARN_UNDECLARED_SELECTOR = YES;
				GCC_WARN_UNINITIALIZED_AUTOS = YES_AGGRESSIVE;
				GCC_WARN_UNUSED_FUNCTION = YES;
				GCC_WARN_UNUSED_VARIABLE = YES;
				IPHONEOS_DEPLOYMENT_TARGET = 14.3;
				MTL_ENABLE_DEBUG_INFO = NO;
				MTL_FAST_MATH = YES;
				SDKROOT = iphoneos;
				SWIFT_COMPILATION_MODE = wholemodule;
				SWIFT_OPTIMIZATION_LEVEL = "-O";
				VALIDATE_PRODUCT = YES;
			};
			name = Release;
		};
		CDC5011326EEF69800B0D94E /* Debug */ = {
			isa = XCBuildConfiguration;
			buildSettings = {
				ASSETCATALOG_COMPILER_APPICON_NAME = AppIcon;
				ASSETCATALOG_COMPILER_GLOBAL_ACCENT_COLOR_NAME = AccentColor;
				CODE_SIGN_STYLE = Automatic;
				DEVELOPMENT_ASSET_PATHS = "\"Reminder/Preview Content\"";
				DEVELOPMENT_TEAM = GL6B4AC269;
				ENABLE_PREVIEWS = YES;
				INFOPLIST_FILE = Reminder/Info.plist;
				IPHONEOS_DEPLOYMENT_TARGET = 14.0;
				LD_RUNPATH_SEARCH_PATHS = (
					"$(inherited)",
					"@executable_path/Frameworks",
				);
				PRODUCT_BUNDLE_IDENTIFIER = spiritbond.Reminder;
				PRODUCT_NAME = "$(TARGET_NAME)";
				SWIFT_VERSION = 5.0;
				TARGETED_DEVICE_FAMILY = "1,2";
			};
			name = Debug;
		};
		CDC5011426EEF69800B0D94E /* Release */ = {
			isa = XCBuildConfiguration;
			buildSettings = {
				ASSETCATALOG_COMPILER_APPICON_NAME = AppIcon;
				ASSETCATALOG_COMPILER_GLOBAL_ACCENT_COLOR_NAME = AccentColor;
				CODE_SIGN_STYLE = Automatic;
				DEVELOPMENT_ASSET_PATHS = "\"Reminder/Preview Content\"";
				DEVELOPMENT_TEAM = GL6B4AC269;
				ENABLE_PREVIEWS = YES;
				INFOPLIST_FILE = Reminder/Info.plist;
				IPHONEOS_DEPLOYMENT_TARGET = 14.0;
				LD_RUNPATH_SEARCH_PATHS = (
					"$(inherited)",
					"@executable_path/Frameworks",
				);
				PRODUCT_BUNDLE_IDENTIFIER = spiritbond.Reminder;
				PRODUCT_NAME = "$(TARGET_NAME)";
				SWIFT_VERSION = 5.0;
				TARGETED_DEVICE_FAMILY = "1,2";
			};
			name = Release;
		};
/* End XCBuildConfiguration section */

/* Begin XCConfigurationList section */
		CDC500F926EEF69500B0D94E /* Build configuration list for PBXProject "Reminder" */ = {
			isa = XCConfigurationList;
			buildConfigurations = (
				CDC5011026EEF69800B0D94E /* Debug */,
				CDC5011126EEF69800B0D94E /* Release */,
			);
			defaultConfigurationIsVisible = 0;
			defaultConfigurationName = Release;
		};
		CDC5011226EEF69800B0D94E /* Build configuration list for PBXNativeTarget "Reminder" */ = {
			isa = XCConfigurationList;
			buildConfigurations = (
				CDC5011326EEF69800B0D94E /* Debug */,
				CDC5011426EEF69800B0D94E /* Release */,
			);
			defaultConfigurationIsVisible = 0;
			defaultConfigurationName = Release;
		};
/* End XCConfigurationList section */

/* Begin XCVersionGroup section */
		CDC5010C26EEF69800B0D94E /* Reminder.xcdatamodeld */ = {
			isa = XCVersionGroup;
			children = (
				CDC5010D26EEF69800B0D94E /* Reminder.xcdatamodel */,
			);
			currentVersion = CDC5010D26EEF69800B0D94E /* Reminder.xcdatamodel */;
			path = Reminder.xcdatamodeld;
			sourceTree = "<group>";
			versionGroupType = wrapper.xcdatamodel;
		};
/* End XCVersionGroup section */
	};
	rootObject = CDC500F626EEF69500B0D94E /* Project object */;
}
